
Microsoft Visual Studio Solution File, Format Version 12.00
# Visual Studio Version 16
VisualStudioVersion = 16.0.31727.386
MinimumVisualStudioVersion = 10.0.40219.1
Project("{9A19103F-16F7-4668-BE54-9A1E7A4F7556}") = "29102921", "29102921\29102921.csproj", "{A35FD912-B76F-4995-ACF6-79958F783E5B}"
EndProject
Project("{9A19103F-16F7-4668-BE54-9A1E7A4F7556}") = "StoreApp", "StoreApp\StoreApp.csproj", "{3E7534F2-3329-404F-9B8E-B38D6BFC411A}"
EndProject
Global
	GlobalSection(SolutionConfigurationPlatforms) = preSolution
		Debug|Any CPU = Debug|Any CPU
		Release|Any CPU = Release|Any CPU
	EndGlobalSection
	GlobalSection(ProjectConfigurationPlatforms) = postSolution
		{A35FD912-B76F-4995-ACF6-79958F783E5B}.Debug|Any CPU.ActiveCfg = Debug|Any CPU
		{A35FD912-B76F-4995-ACF6-79958F783E5B}.Debug|Any CPU.Build.0 = Debug|Any CPU
		{A35FD912-B76F-4995-ACF6-79958F783E5B}.Release|Any CPU.ActiveCfg = Release|Any CPU
		{A35FD912-B76F-4995-ACF6-79958F783E5B}.Release|Any CPU.Build.0 = Release|Any CPU
		{3E7534F2-3329-404F-9B8E-B38D6BFC411A}.Debug|Any CPU.ActiveCfg = Debug|Any CPU
		{3E7534F2-3329-404F-9B8E-B38D6BFC411A}.Debug|Any CPU.Build.0 = Debug|Any CPU
		{3E7534F2-3329-404F-9B8E-B38D6BFC411A}.Release|Any CPU.ActiveCfg = Release|Any CPU
		{3E7534F2-3329-404F-9B8E-B38D6BFC411A}.Release|Any CPU.Build.0 = Release|Any CPU
	EndGlobalSection
	GlobalSection(SolutionProperties) = preSolution
		HideSolutionNode = FALSE
	EndGlobalSection
	GlobalSection(ExtensibilityGlobals) = postSolution
		SolutionGuid = {89CCEEBF-CC42-4F89-AECD-384981AE7746}
	EndGlobalSection
EndGlobal
